
Microsoft Visual Studio Solution File, Format Version 12.00
# Visual Studio Version 16
VisualStudioVersion = 16.0.34031.81
MinimumVisualStudioVersion = 10.0.40219.1
Project("{2150E333-8FDC-42A3-9474-1A3956D46DE8}") = "Task0", "Task0", "{3469E943-80FB-48F0-99C6-B5AD1D6BC6CE}"
EndProject
Project("{FAE04EC0-301F-11D3-BF4B-00C04F79EFBC}") = "Tyuiu.PanasenkoRA.Sprint1.Task0.V0", "Tyuiu.PanasenkoRA.Sprint1.Task0.V0\Tyuiu.PanasenkoRA.Sprint1.Task0.V0.csproj", "{3A82F7EE-C0ED-4BC3-B6C8-8FAE5B2D691E}"
EndProject
Project("{FAE04EC0-301F-11D3-BF4B-00C04F79EFBC}") = "Tyuiu.PanasenkoRA.Sprint1.Task0.V0.Lib", "Tyuiu.PanasenkoRA.Sprint1.Task0.V0.Lib\Tyuiu.PanasenkoRA.Sprint1.Task0.V0.Lib.csproj", "{D3BCF636-4B33-4D2A-BB7E-F1153BC53920}"
EndProject
Project("{FAE04EC0-301F-11D3-BF4B-00C04F79EFBC}") = "Tyuiu.PanasenkoRA.Sprint1.Task0.V0.Test", "Tyuiu.PanasenkoRA.Sprint1.Task0.V0.Test\Tyuiu.PanasenkoRA.Sprint1.Task0.V0.Test.csproj", "{83B1E3CA-A4DA-4F27-B958-919DE4897D97}"
EndProject
Project("{2150E333-8FDC-42A3-9474-1A3956D46DE8}") = "Task1", "Task1", "{4CCCDB2F-CFCD-4F13-978E-838C71187A9B}"
EndProject
Project("{2150E333-8FDC-42A3-9474-1A3956D46DE8}") = "Task2", "Task2", "{D285353F-118A-456B-8457-D58B306D8003}"
EndProject
Project("{2150E333-8FDC-42A3-9474-1A3956D46DE8}") = "Task3", "Task3", "{13B05DC4-FA62-4E40-A1F9-38DA30A3EEC2}"
EndProject
Project("{FAE04EC0-301F-11D3-BF4B-00C04F79EFBC}") = "Tyuiu.PanasenkoRA.Sprint1.Task1.V0", "Tyuiu.PanasenkoRA.Sprint1.Task1.V0\Tyuiu.PanasenkoRA.Sprint1.Task1.V0.csproj", "{C4110DE2-79AF-4AE3-B680-AD01C059F0A1}"
EndProject
Project("{FAE04EC0-301F-11D3-BF4B-00C04F79EFBC}") = "Tyuiu.PanasenkoRA.Sprint1.Task1.V0.Lib", "Tyuiu.PanasenkoRA.Sprint1.Task1.V0.Lib\Tyuiu.PanasenkoRA.Sprint1.Task1.V0.Lib.csproj", "{1F61C799-39FB-48C3-B122-A704137645C1}"
EndProject
Project("{FAE04EC0-301F-11D3-BF4B-00C04F79EFBC}") = "Tyuiu.PanasenkoRA.Sprint1.Task1.V0.Test", "Tyuiu.PanasenkoRA.Sprint1.Task1.V0.Test\Tyuiu.PanasenkoRA.Sprint1.Task1.V0.Test.csproj", "{E9D8287E-27C0-4E90-B6C8-2CABE6C8C5A9}"
EndProject
Project("{FAE04EC0-301F-11D3-BF4B-00C04F79EFBC}") = "Tyuiu.PanasenkoRA.Sprint1.Task2.V0", "Tyuiu.PanasenkoRA.Sprint1.Task2.V0\Tyuiu.PanasenkoRA.Sprint1.Task2.V0.csproj", "{6DE48277-8D6F-4A66-BDAB-CDC2D2610288}"
EndProject
Project("{FAE04EC0-301F-11D3-BF4B-00C04F79EFBC}") = "Tyuiu.PanasenkoRA.Sprint1.Task2.V0.Lib", "Tyuiu.PanasenkoRA.Sprint1.Task2.V0.Lib\Tyuiu.PanasenkoRA.Sprint1.Task2.V0.Lib.csproj", "{290D7D8E-EA32-417F-B68F-F5D0EE9EF5DD}"
EndProject
Project("{FAE04EC0-301F-11D3-BF4B-00C04F79EFBC}") = "Tyuiu.PanasenkoRA.Sprint1.Task2.V0.Test", "Tyuiu.PanasenkoRA.Sprint1.Task2.V0.Test\Tyuiu.PanasenkoRA.Sprint1.Task2.V0.Test.csproj", "{DB207410-EEEB-4022-85BB-B7606BF5F8C6}"
EndProject
Project("{FAE04EC0-301F-11D3-BF4B-00C04F79EFBC}") = "Tyuiu.PanasenkoRA.Sprint1.Task3.V0", "Tyuiu.PanasenkoRA.Sprint1.Task3.V0\Tyuiu.PanasenkoRA.Sprint1.Task3.V0.csproj", "{99A2B826-0D99-4E96-81A4-4CC5847BBC26}"
EndProject
Project("{FAE04EC0-301F-11D3-BF4B-00C04F79EFBC}") = "Tyuiu.PanasenkoRA.Sprint1.Task3.V0.Lib", "Tyuiu.PanasenkoRA.Sprint1.Task3.V0.Lib\Tyuiu.PanasenkoRA.Sprint1.Task3.V0.Lib.csproj", "{54B26EFF-F63D-4656-A4A4-A97F8D5A50CE}"
EndProject
Project("{FAE04EC0-301F-11D3-BF4B-00C04F79EFBC}") = "Tyuiu.PanasenkoRA.Sprint1.Task3.V0.Test", "Tyuiu.PanasenkoRA.Sprint1.Task3.V0.Test\Tyuiu.PanasenkoRA.Sprint1.Task3.V0.Test.csproj", "{0A3D7068-7686-4612-BD45-52089485E0ED}"
EndProject
Project("{2150E333-8FDC-42A3-9474-1A3956D46DE8}") = "Task4", "Task4", "{19386E71-9993-4214-86FB-489EE8FEFCF2}"
EndProject
Project("{FAE04EC0-301F-11D3-BF4B-00C04F79EFBC}") = "Tyuiu.PanasenkoRA.Sprint1.Task4.V0", "Tyuiu.PanasenkoRA.Sprint1.Task4.V0\Tyuiu.PanasenkoRA.Sprint1.Task4.V0.csproj", "{73C74C64-E22F-4117-9BD0-7C856BCF179F}"
EndProject
Project("{FAE04EC0-301F-11D3-BF4B-00C04F79EFBC}") = "Tyuiu.PanasenkoRA.Sprint1.Task4.V0.Lib", "Tyuiu.PanasenkoRA.Sprint1.Task4.V0.Lib\Tyuiu.PanasenkoRA.Sprint1.Task4.V0.Lib.csproj", "{10990FC1-3978-461E-9EBC-2C086C1BEBEA}"
EndProject
Project("{FAE04EC0-301F-11D3-BF4B-00C04F79EFBC}") = "Tyuiu.PanasenkoRA.Sprint1.Task4.V0.Test", "Tyuiu.PanasenkoRA.Sprint1.Task4.V0.Test\Tyuiu.PanasenkoRA.Sprint1.Task4.V0.Test.csproj", "{7B717E12-B6B8-45C1-8824-1E44F9248FAA}"
EndProject
Project("{2150E333-8FDC-42A3-9474-1A3956D46DE8}") = "Task5", "Task5", "{4D4560FF-1FAB-4B2C-A8BC-6B8EBF6FD5EB}"
EndProject
Project("{FAE04EC0-301F-11D3-BF4B-00C04F79EFBC}") = "Tyuiu.PanasenkoRA.Sprint1.Task5.V0", "Tyuiu.PanasenkoRA.Sprint1.Task5.V0\Tyuiu.PanasenkoRA.Sprint1.Task5.V0.csproj", "{30E6448E-6401-4D3E-B953-45E0A542015A}"
EndProject
Project("{FAE04EC0-301F-11D3-BF4B-00C04F79EFBC}") = "Tyuiu.PanasenkoRA.Sprint1.Task5.V0.Lib", "Tyuiu.PanasenkoRA.Sprint1.Task5.V0.Lib\Tyuiu.PanasenkoRA.Sprint1.Task5.V0.Lib.csproj", "{79A9B9B5-9BC9-440C-87B5-7F1C30DF3FF8}"
EndProject
Project("{FAE04EC0-301F-11D3-BF4B-00C04F79EFBC}") = "Tyuiu.PanasenkoRA.Sprint1.Task5.V0.Test", "Tyuiu.PanasenkoRA.Sprint1.Task5.V0.Test\Tyuiu.PanasenkoRA.Sprint1.Task5.V0.Test.csproj", "{B1C59FF9-0A1B-4C7F-9E8B-18143D2BBB81}"
EndProject
Project("{2150E333-8FDC-42A3-9474-1A3956D46DE8}") = "Task6", "Task6", "{664DAEB1-E518-4656-947A-CA460F09A3F7}"
EndProject
Project("{FAE04EC0-301F-11D3-BF4B-00C04F79EFBC}") = "Tyuiu.PanasenkoRA.Sprint1.Task6.V0", "Tyuiu.PanasenkoRA.Sprint1.Task6.V0\Tyuiu.PanasenkoRA.Sprint1.Task6.V0.csproj", "{16489A93-242B-4B3D-B262-FA47C4754472}"
EndProject
Project("{FAE04EC0-301F-11D3-BF4B-00C04F79EFBC}") = "Tyuiu.PanasenkoRA.Sprint1.Task6.V0.Lib", "Tyuiu.PanasenkoRA.Sprint1.Task6.V0.Lib\Tyuiu.PanasenkoRA.Sprint1.Task6.V0.Lib.csproj", "{85134005-E69C-4158-A636-280A373A67A1}"
EndProject
Project("{FAE04EC0-301F-11D3-BF4B-00C04F79EFBC}") = "Tyuiu.PanasenkoRA.Sprint1.Task6.V0.Test", "Tyuiu.PanasenkoRA.Sprint1.Task6.V0.Test\Tyuiu.PanasenkoRA.Sprint1.Task6.V0.Test.csproj", "{7F17DBEF-2617-4810-831A-73FF95C163FA}"
EndProject
Project("{2150E333-8FDC-42A3-9474-1A3956D46DE8}") = "Task7", "Task7", "{F8221A47-CAA9-4021-99DF-E78DBFA64657}"
EndProject
Project("{FAE04EC0-301F-11D3-BF4B-00C04F79EFBC}") = "Tyuiu.PanasenkoRA.Sprint1.Task7.V0", "Tyuiu.PanasenkoRA.Sprint1.Task7.V0\Tyuiu.PanasenkoRA.Sprint1.Task7.V0.csproj", "{E6358F6C-E090-4DC0-BF7C-69941C23989A}"
EndProject
Project("{FAE04EC0-301F-11D3-BF4B-00C04F79EFBC}") = "Tyuiu.PanasenkoRA.Sprint1.Task7.V0.Lib", "Tyuiu.PanasenkoRA.Sprint1.Task7.V0.Lib\Tyuiu.PanasenkoRA.Sprint1.Task7.V0.Lib.csproj", "{7F287EB9-EAB2-4802-9339-E1E2497045CE}"
EndProject
Project("{FAE04EC0-301F-11D3-BF4B-00C04F79EFBC}") = "Tyuiu.PanasenkoRA.Sprint1.Task7.V0.Test", "Tyuiu.PanasenkoRA.Sprint1.Task7.V0.Test\Tyuiu.PanasenkoRA.Sprint1.Task7.V0.Test.csproj", "{E8D2EF85-58CD-49B1-8A98-0C2537E51234}"
EndProject
Global
	GlobalSection(SolutionConfigurationPlatforms) = preSolution
		Debug|Any CPU = Debug|Any CPU
		Release|Any CPU = Release|Any CPU
	EndGlobalSection
	GlobalSection(ProjectConfigurationPlatforms) = postSolution
		{3A82F7EE-C0ED-4BC3-B6C8-8FAE5B2D691E}.Debug|Any CPU.ActiveCfg = Debug|Any CPU
		{3A82F7EE-C0ED-4BC3-B6C8-8FAE5B2D691E}.Debug|Any CPU.Build.0 = Debug|Any CPU
		{3A82F7EE-C0ED-4BC3-B6C8-8FAE5B2D691E}.Release|Any CPU.ActiveCfg = Release|Any CPU
		{3A82F7EE-C0ED-4BC3-B6C8-8FAE5B2D691E}.Release|Any CPU.Build.0 = Release|Any CPU
		{D3BCF636-4B33-4D2A-BB7E-F1153BC53920}.Debug|Any CPU.ActiveCfg = Debug|Any CPU
		{D3BCF636-4B33-4D2A-BB7E-F1153BC53920}.Debug|Any CPU.Build.0 = Debug|Any CPU
		{D3BCF636-4B33-4D2A-BB7E-F1153BC53920}.Release|Any CPU.ActiveCfg = Release|Any CPU
		{D3BCF636-4B33-4D2A-BB7E-F1153BC53920}.Release|Any CPU.Build.0 = Release|Any CPU
		{83B1E3CA-A4DA-4F27-B958-919DE4897D97}.Debug|Any CPU.ActiveCfg = Debug|Any CPU
		{83B1E3CA-A4DA-4F27-B958-919DE4897D97}.Debug|Any CPU.Build.0 = Debug|Any CPU
		{83B1E3CA-A4DA-4F27-B958-919DE4897D97}.Release|Any CPU.ActiveCfg = Release|Any CPU
		{83B1E3CA-A4DA-4F27-B958-919DE4897D97}.Release|Any CPU.Build.0 = Release|Any CPU
		{C4110DE2-79AF-4AE3-B680-AD01C059F0A1}.Debug|Any CPU.ActiveCfg = Debug|Any CPU
		{C4110DE2-79AF-4AE3-B680-AD01C059F0A1}.Debug|Any CPU.Build.0 = Debug|Any CPU
		{C4110DE2-79AF-4AE3-B680-AD01C059F0A1}.Release|Any CPU.ActiveCfg = Release|Any CPU
		{C4110DE2-79AF-4AE3-B680-AD01C059F0A1}.Release|Any CPU.Build.0 = Release|Any CPU
		{1F61C799-39FB-48C3-B122-A704137645C1}.Debug|Any CPU.ActiveCfg = Debug|Any CPU
		{1F61C799-39FB-48C3-B122-A704137645C1}.Debug|Any CPU.Build.0 = Debug|Any CPU
		{1F61C799-39FB-48C3-B122-A704137645C1}.Release|Any CPU.ActiveCfg = Release|Any CPU
		{1F61C799-39FB-48C3-B122-A704137645C1}.Release|Any CPU.Build.0 = Release|Any CPU
		{E9D8287E-27C0-4E90-B6C8-2CABE6C8C5A9}.Debug|Any CPU.ActiveCfg = Debug|Any CPU
		{E9D8287E-27C0-4E90-B6C8-2CABE6C8C5A9}.Debug|Any CPU.Build.0 = Debug|Any CPU
		{E9D8287E-27C0-4E90-B6C8-2CABE6C8C5A9}.Release|Any CPU.ActiveCfg = Release|Any CPU
		{E9D8287E-27C0-4E90-B6C8-2CABE6C8C5A9}.Release|Any CPU.Build.0 = Release|Any CPU
		{6DE48277-8D6F-4A66-BDAB-CDC2D2610288}.Debug|Any CPU.ActiveCfg = Debug|Any CPU
		{6DE48277-8D6F-4A66-BDAB-CDC2D2610288}.Debug|Any CPU.Build.0 = Debug|Any CPU
		{6DE48277-8D6F-4A66-BDAB-CDC2D2610288}.Release|Any CPU.ActiveCfg = Release|Any CPU
		{6DE48277-8D6F-4A66-BDAB-CDC2D2610288}.Release|Any CPU.Build.0 = Release|Any CPU
		{290D7D8E-EA32-417F-B68F-F5D0EE9EF5DD}.Debug|Any CPU.ActiveCfg = Debug|Any CPU
		{290D7D8E-EA32-417F-B68F-F5D0EE9EF5DD}.Debug|Any CPU.Build.0 = Debug|Any CPU
		{290D7D8E-EA32-417F-B68F-F5D0EE9EF5DD}.Release|Any CPU.ActiveCfg = Release|Any CPU
		{290D7D8E-EA32-417F-B68F-F5D0EE9EF5DD}.Release|Any CPU.Build.0 = Release|Any CPU
		{DB207410-EEEB-4022-85BB-B7606BF5F8C6}.Debug|Any CPU.ActiveCfg = Debug|Any CPU
		{DB207410-EEEB-4022-85BB-B7606BF5F8C6}.Debug|Any CPU.Build.0 = Debug|Any CPU
		{DB207410-EEEB-4022-85BB-B7606BF5F8C6}.Release|Any CPU.ActiveCfg = Release|Any CPU
		{DB207410-EEEB-4022-85BB-B7606BF5F8C6}.Release|Any CPU.Build.0 = Release|Any CPU
		{99A2B826-0D99-4E96-81A4-4CC5847BBC26}.Debug|Any CPU.ActiveCfg = Debug|Any CPU
		{99A2B826-0D99-4E96-81A4-4CC5847BBC26}.Debug|Any CPU.Build.0 = Debug|Any CPU
		{99A2B826-0D99-4E96-81A4-4CC5847BBC26}.Release|Any CPU.ActiveCfg = Release|Any CPU
		{99A2B826-0D99-4E96-81A4-4CC5847BBC26}.Release|Any CPU.Build.0 = Release|Any CPU
		{54B26EFF-F63D-4656-A4A4-A97F8D5A50CE}.Debug|Any CPU.ActiveCfg = Debug|Any CPU
		{54B26EFF-F63D-4656-A4A4-A97F8D5A50CE}.Debug|Any CPU.Build.0 = Debug|Any CPU
		{54B26EFF-F63D-4656-A4A4-A97F8D5A50CE}.Release|Any CPU.ActiveCfg = Release|Any CPU
		{54B26EFF-F63D-4656-A4A4-A97F8D5A50CE}.Release|Any CPU.Build.0 = Release|Any CPU
		{0A3D7068-7686-4612-BD45-52089485E0ED}.Debug|Any CPU.ActiveCfg = Debug|Any CPU
		{0A3D7068-7686-4612-BD45-52089485E0ED}.Debug|Any CPU.Build.0 = Debug|Any CPU
		{0A3D7068-7686-4612-BD45-52089485E0ED}.Release|Any CPU.ActiveCfg = Release|Any CPU
		{0A3D7068-7686-4612-BD45-52089485E0ED}.Release|Any CPU.Build.0 = Release|Any CPU
		{73C74C64-E22F-4117-9BD0-7C856BCF179F}.Debug|Any CPU.ActiveCfg = Debug|Any CPU
		{73C74C64-E22F-4117-9BD0-7C856BCF179F}.Debug|Any CPU.Build.0 = Debug|Any CPU
		{73C74C64-E22F-4117-9BD0-7C856BCF179F}.Release|Any CPU.ActiveCfg = Release|Any CPU
		{73C74C64-E22F-4117-9BD0-7C856BCF179F}.Release|Any CPU.Build.0 = Release|Any CPU
		{10990FC1-3978-461E-9EBC-2C086C1BEBEA}.Debug|Any CPU.ActiveCfg = Debug|Any CPU
		{10990FC1-3978-461E-9EBC-2C086C1BEBEA}.Debug|Any CPU.Build.0 = Debug|Any CPU
		{10990FC1-3978-461E-9EBC-2C086C1BEBEA}.Release|Any CPU.ActiveCfg = Release|Any CPU
		{10990FC1-3978-461E-9EBC-2C086C1BEBEA}.Release|Any CPU.Build.0 = Release|Any CPU
		{7B717E12-B6B8-45C1-8824-1E44F9248FAA}.Debug|Any CPU.ActiveCfg = Debug|Any CPU
		{7B717E12-B6B8-45C1-8824-1E44F9248FAA}.Debug|Any CPU.Build.0 = Debug|Any CPU
		{7B717E12-B6B8-45C1-8824-1E44F9248FAA}.Release|Any CPU.ActiveCfg = Release|Any CPU
		{7B717E12-B6B8-45C1-8824-1E44F9248FAA}.Release|Any CPU.Build.0 = Release|Any CPU
		{30E6448E-6401-4D3E-B953-45E0A542015A}.Debug|Any CPU.ActiveCfg = Debug|Any CPU
		{30E6448E-6401-4D3E-B953-45E0A542015A}.Debug|Any CPU.Build.0 = Debug|Any CPU
		{30E6448E-6401-4D3E-B953-45E0A542015A}.Release|Any CPU.ActiveCfg = Release|Any CPU
		{30E6448E-6401-4D3E-B953-45E0A542015A}.Release|Any CPU.Build.0 = Release|Any CPU
		{79A9B9B5-9BC9-440C-87B5-7F1C30DF3FF8}.Debug|Any CPU.ActiveCfg = Debug|Any CPU
		{79A9B9B5-9BC9-440C-87B5-7F1C30DF3FF8}.Debug|Any CPU.Build.0 = Debug|Any CPU
		{79A9B9B5-9BC9-440C-87B5-7F1C30DF3FF8}.Release|Any CPU.ActiveCfg = Release|Any CPU
		{79A9B9B5-9BC9-440C-87B5-7F1C30DF3FF8}.Release|Any CPU.Build.0 = Release|Any CPU
		{B1C59FF9-0A1B-4C7F-9E8B-18143D2BBB81}.Debug|Any CPU.ActiveCfg = Debug|Any CPU
		{B1C59FF9-0A1B-4C7F-9E8B-18143D2BBB81}.Debug|Any CPU.Build.0 = Debug|Any CPU
		{B1C59FF9-0A1B-4C7F-9E8B-18143D2BBB81}.Release|Any CPU.ActiveCfg = Release|Any CPU
		{B1C59FF9-0A1B-4C7F-9E8B-18143D2BBB81}.Release|Any CPU.Build.0 = Release|Any CPU
		{16489A93-242B-4B3D-B262-FA47C4754472}.Debug|Any CPU.ActiveCfg = Debug|Any CPU
		{16489A93-242B-4B3D-B262-FA47C4754472}.Debug|Any CPU.Build.0 = Debug|Any CPU
		{16489A93-242B-4B3D-B262-FA47C4754472}.Release|Any CPU.ActiveCfg = Release|Any CPU
		{16489A93-242B-4B3D-B262-FA47C4754472}.Release|Any CPU.Build.0 = Release|Any CPU
		{85134005-E69C-4158-A636-280A373A67A1}.Debug|Any CPU.ActiveCfg = Debug|Any CPU
		{85134005-E69C-4158-A636-280A373A67A1}.Debug|Any CPU.Build.0 = Debug|Any CPU
		{85134005-E69C-4158-A636-280A373A67A1}.Release|Any CPU.ActiveCfg = Release|Any CPU
		{85134005-E69C-4158-A636-280A373A67A1}.Release|Any CPU.Build.0 = Release|Any CPU
		{7F17DBEF-2617-4810-831A-73FF95C163FA}.Debug|Any CPU.ActiveCfg = Debug|Any CPU
		{7F17DBEF-2617-4810-831A-73FF95C163FA}.Debug|Any CPU.Build.0 = Debug|Any CPU
		{7F17DBEF-2617-4810-831A-73FF95C163FA}.Release|Any CPU.ActiveCfg = Release|Any CPU
		{7F17DBEF-2617-4810-831A-73FF95C163FA}.Release|Any CPU.Build.0 = Release|Any CPU
		{E6358F6C-E090-4DC0-BF7C-69941C23989A}.Debug|Any CPU.ActiveCfg = Debug|Any CPU
		{E6358F6C-E090-4DC0-BF7C-69941C23989A}.Debug|Any CPU.Build.0 = Debug|Any CPU
		{E6358F6C-E090-4DC0-BF7C-69941C23989A}.Release|Any CPU.ActiveCfg = Release|Any CPU
		{E6358F6C-E090-4DC0-BF7C-69941C23989A}.Release|Any CPU.Build.0 = Release|Any CPU
		{7F287EB9-EAB2-4802-9339-E1E2497045CE}.Debug|Any CPU.ActiveCfg = Debug|Any CPU
		{7F287EB9-EAB2-4802-9339-E1E2497045CE}.Debug|Any CPU.Build.0 = Debug|Any CPU
		{7F287EB9-EAB2-4802-9339-E1E2497045CE}.Release|Any CPU.ActiveCfg = Release|Any CPU
		{7F287EB9-EAB2-4802-9339-E1E2497045CE}.Release|Any CPU.Build.0 = Release|Any CPU
		{E8D2EF85-58CD-49B1-8A98-0C2537E51234}.Debug|Any CPU.ActiveCfg = Debug|Any CPU
		{E8D2EF85-58CD-49B1-8A98-0C2537E51234}.Debug|Any CPU.Build.0 = Debug|Any CPU
		{E8D2EF85-58CD-49B1-8A98-0C2537E51234}.Release|Any CPU.ActiveCfg = Release|Any CPU
		{E8D2EF85-58CD-49B1-8A98-0C2537E51234}.Release|Any CPU.Build.0 = Release|Any CPU
	EndGlobalSection
	GlobalSection(SolutionProperties) = preSolution
		HideSolutionNode = FALSE
	EndGlobalSection
	GlobalSection(NestedProjects) = preSolution
		{3A82F7EE-C0ED-4BC3-B6C8-8FAE5B2D691E} = {3469E943-80FB-48F0-99C6-B5AD1D6BC6CE}
		{D3BCF636-4B33-4D2A-BB7E-F1153BC53920} = {3469E943-80FB-48F0-99C6-B5AD1D6BC6CE}
		{83B1E3CA-A4DA-4F27-B958-919DE4897D97} = {3469E943-80FB-48F0-99C6-B5AD1D6BC6CE}
		{C4110DE2-79AF-4AE3-B680-AD01C059F0A1} = {4CCCDB2F-CFCD-4F13-978E-838C71187A9B}
		{1F61C799-39FB-48C3-B122-A704137645C1} = {4CCCDB2F-CFCD-4F13-978E-838C71187A9B}
		{E9D8287E-27C0-4E90-B6C8-2CABE6C8C5A9} = {4CCCDB2F-CFCD-4F13-978E-838C71187A9B}
		{6DE48277-8D6F-4A66-BDAB-CDC2D2610288} = {D285353F-118A-456B-8457-D58B306D8003}
		{290D7D8E-EA32-417F-B68F-F5D0EE9EF5DD} = {D285353F-118A-456B-8457-D58B306D8003}
		{DB207410-EEEB-4022-85BB-B7606BF5F8C6} = {D285353F-118A-456B-8457-D58B306D8003}
		{99A2B826-0D99-4E96-81A4-4CC5847BBC26} = {13B05DC4-FA62-4E40-A1F9-38DA30A3EEC2}
		{54B26EFF-F63D-4656-A4A4-A97F8D5A50CE} = {13B05DC4-FA62-4E40-A1F9-38DA30A3EEC2}
		{0A3D7068-7686-4612-BD45-52089485E0ED} = {13B05DC4-FA62-4E40-A1F9-38DA30A3EEC2}
		{73C74C64-E22F-4117-9BD0-7C856BCF179F} = {19386E71-9993-4214-86FB-489EE8FEFCF2}
		{10990FC1-3978-461E-9EBC-2C086C1BEBEA} = {19386E71-9993-4214-86FB-489EE8FEFCF2}
		{7B717E12-B6B8-45C1-8824-1E44F9248FAA} = {19386E71-9993-4214-86FB-489EE8FEFCF2}
		{30E6448E-6401-4D3E-B953-45E0A542015A} = {4D4560FF-1FAB-4B2C-A8BC-6B8EBF6FD5EB}
		{79A9B9B5-9BC9-440C-87B5-7F1C30DF3FF8} = {4D4560FF-1FAB-4B2C-A8BC-6B8EBF6FD5EB}
		{B1C59FF9-0A1B-4C7F-9E8B-18143D2BBB81} = {4D4560FF-1FAB-4B2C-A8BC-6B8EBF6FD5EB}
		{16489A93-242B-4B3D-B262-FA47C4754472} = {664DAEB1-E518-4656-947A-CA460F09A3F7}
		{85134005-E69C-4158-A636-280A373A67A1} = {664DAEB1-E518-4656-947A-CA460F09A3F7}
		{7F17DBEF-2617-4810-831A-73FF95C163FA} = {664DAEB1-E518-4656-947A-CA460F09A3F7}
		{E6358F6C-E090-4DC0-BF7C-69941C23989A} = {F8221A47-CAA9-4021-99DF-E78DBFA64657}
		{7F287EB9-EAB2-4802-9339-E1E2497045CE} = {F8221A47-CAA9-4021-99DF-E78DBFA64657}
		{E8D2EF85-58CD-49B1-8A98-0C2537E51234} = {F8221A47-CAA9-4021-99DF-E78DBFA64657}
	EndGlobalSection
	GlobalSection(ExtensibilityGlobals) = postSolution
		SolutionGuid = {26440BB5-9712-477E-B7C0-DD299B2BB9B7}
	EndGlobalSection
EndGlobal
